// !$*UTF8*$!
{
	archiveVersion = 1;
	classes = {
	};
	objectVersion = 48;
	objects = {

/* Begin PBXBuildFile section */
		CE81C12D1FA3AF0A0033B9D6 /* GoogleService-Info.plist in Resources */ = {isa = PBXBuildFile; fileRef = CE81C12C1FA3AF090033B9D6 /* GoogleService-Info.plist */; };
		CEA277D61FA3B03A00F821C8 /* FIRDataObject.swift in Sources */ = {isa = PBXBuildFile; fileRef = CEA277D41FA3B03A00F821C8 /* FIRDataObject.swift */; };
		CEA277D71FA3B03A00F821C8 /* AppInfo.swift in Sources */ = {isa = PBXBuildFile; fileRef = CEA277D51FA3B03A00F821C8 /* AppInfo.swift */; };
		CEA277DA1FA3B04B00F821C8 /* UIImageView+download.swift in Sources */ = {isa = PBXBuildFile; fileRef = CEA277D91FA3B04B00F821C8 /* UIImageView+download.swift */; };
		CEA277DC1FA3B31B00F821C8 /* AppTableViewCell.swift in Sources */ = {isa = PBXBuildFile; fileRef = CEA277DB1FA3B31B00F821C8 /* AppTableViewCell.swift */; };
		CEB6F3CA1F9A615E008E02E5 /* AppDelegate.swift in Sources */ = {isa = PBXBuildFile; fileRef = CEB6F3C91F9A615E008E02E5 /* AppDelegate.swift */; };
		CEB6F3CC1F9A615E008E02E5 /* ViewController.swift in Sources */ = {isa = PBXBuildFile; fileRef = CEB6F3CB1F9A615E008E02E5 /* ViewController.swift */; };
		CEB6F3CF1F9A615E008E02E5 /* Main.storyboard in Resources */ = {isa = PBXBuildFile; fileRef = CEB6F3CD1F9A615E008E02E5 /* Main.storyboard */; };
		CEB6F3D11F9A615E008E02E5 /* Assets.xcassets in Resources */ = {isa = PBXBuildFile; fileRef = CEB6F3D01F9A615E008E02E5 /* Assets.xcassets */; };
		CEB6F3D41F9A615E008E02E5 /* LaunchScreen.storyboard in Resources */ = {isa = PBXBuildFile; fileRef = CEB6F3D21F9A615E008E02E5 /* LaunchScreen.storyboard */; };
		F31920EE2A9122B9CA706E24 /* Pods_appSuggest.framework in Frameworks */ = {isa = PBXBuildFile; fileRef = 378C9C7FBEE1DF5EE720DA1B /* Pods_appSuggest.framework */; };
/* End PBXBuildFile section */

/* Begin PBXFileReference section */
		378C9C7FBEE1DF5EE720DA1B /* Pods_appSuggest.framework */ = {isa = PBXFileReference; explicitFileType = wrapper.framework; includeInIndex = 0; path = Pods_appSuggest.framework; sourceTree = BUILT_PRODUCTS_DIR; };
		5D4068CBA699FFD6B8BC3243 /* Pods-appSuggest.release.xcconfig */ = {isa = PBXFileReference; includeInIndex = 1; lastKnownFileType = text.xcconfig; name = "Pods-appSuggest.release.xcconfig"; path = "Pods/Target Support Files/Pods-appSuggest/Pods-appSuggest.release.xcconfig"; sourceTree = "<group>"; };
		79568E0954EBE8A99BCBE271 /* Pods-appSuggest.debug.xcconfig */ = {isa = PBXFileReference; includeInIndex = 1; lastKnownFileType = text.xcconfig; name = "Pods-appSuggest.debug.xcconfig"; path = "Pods/Target Support Files/Pods-appSuggest/Pods-appSuggest.debug.xcconfig"; sourceTree = "<group>"; };
		CE81C12C1FA3AF090033B9D6 /* GoogleService-Info.plist */ = {isa = PBXFileReference; fileEncoding = 4; lastKnownFileType = text.plist.xml; path = "GoogleService-Info.plist"; sourceTree = "<group>"; };
		CEA277D41FA3B03A00F821C8 /* FIRDataObject.swift */ = {isa = PBXFileReference; fileEncoding = 4; lastKnownFileType = sourcecode.swift; path = FIRDataObject.swift; sourceTree = "<group>"; };
		CEA277D51FA3B03A00F821C8 /* AppInfo.swift */ = {isa = PBXFileReference; fileEncoding = 4; lastKnownFileType = sourcecode.swift; path = AppInfo.swift; sourceTree = "<group>"; };
		CEA277D91FA3B04B00F821C8 /* UIImageView+download.swift */ = {isa = PBXFileReference; fileEncoding = 4; lastKnownFileType = sourcecode.swift; path = "UIImageView+download.swift"; sourceTree = "<group>"; };
		CEA277DB1FA3B31B00F821C8 /* AppTableViewCell.swift */ = {isa = PBXFileReference; lastKnownFileType = sourcecode.swift; path = AppTableViewCell.swift; sourceTree = "<group>"; };
		CEB6F3C61F9A615E008E02E5 /* appSuggest.app */ = {isa = PBXFileReference; explicitFileType = wrapper.application; includeInIndex = 0; path = appSuggest.app; sourceTree = BUILT_PRODUCTS_DIR; };
		CEB6F3C91F9A615E008E02E5 /* AppDelegate.swift */ = {isa = PBXFileReference; lastKnownFileType = sourcecode.swift; path = AppDelegate.swift; sourceTree = "<group>"; };
		CEB6F3CB1F9A615E008E02E5 /* ViewController.swift */ = {isa = PBXFileReference; lastKnownFileType = sourcecode.swift; path = ViewController.swift; sourceTree = "<group>"; };
		CEB6F3CE1F9A615E008E02E5 /* Base */ = {isa = PBXFileReference; lastKnownFileType = file.storyboard; name = Base; path = Base.lproj/Main.storyboard; sourceTree = "<group>"; };
		CEB6F3D01F9A615E008E02E5 /* Assets.xcassets */ = {isa = PBXFileReference; lastKnownFileType = folder.assetcatalog; path = Assets.xcassets; sourceTree = "<group>"; };
		CEB6F3D31F9A615E008E02E5 /* Base */ = {isa = PBXFileReference; lastKnownFileType = file.storyboard; name = Base; path = Base.lproj/LaunchScreen.storyboard; sourceTree = "<group>"; };
		CEB6F3D51F9A615E008E02E5 /* Info.plist */ = {isa = PBXFileReference; lastKnownFileType = text.plist.xml; path = Info.plist; sourceTree = "<group>"; };
/* End PBXFileReference section */

/* Begin PBXFrameworksBuildPhase section */
		CEB6F3C31F9A615E008E02E5 /* Frameworks */ = {
			isa = PBXFrameworksBuildPhase;
			buildActionMask = 2147483647;
			files = (
				F31920EE2A9122B9CA706E24 /* Pods_appSuggest.framework in Frameworks */,
			);
			runOnlyForDeploymentPostprocessing = 0;
		};
/* End PBXFrameworksBuildPhase section */

/* Begin PBXGroup section */
		5292C578126A8D39796279F1 /* Frameworks */ = {
			isa = PBXGroup;
			children = (
				378C9C7FBEE1DF5EE720DA1B /* Pods_appSuggest.framework */,
			);
			name = Frameworks;
			sourceTree = "<group>";
		};
		A4E7126763557780F809AC13 /* Pods */ = {
			isa = PBXGroup;
			children = (
				79568E0954EBE8A99BCBE271 /* Pods-appSuggest.debug.xcconfig */,
				5D4068CBA699FFD6B8BC3243 /* Pods-appSuggest.release.xcconfig */,
			);
			name = Pods;
			sourceTree = "<group>";
		};
		CEA277D81FA3B03F00F821C8 /* Helpers */ = {
			isa = PBXGroup;
			children = (
				CEA277D91FA3B04B00F821C8 /* UIImageView+download.swift */,
			);
			path = Helpers;
			sourceTree = "<group>";
		};
		CEB6F3BD1F9A615E008E02E5 = {
			isa = PBXGroup;
			children = (
				CEB6F3C81F9A615E008E02E5 /* appSuggest */,
				CEB6F3C71F9A615E008E02E5 /* Products */,
				A4E7126763557780F809AC13 /* Pods */,
				5292C578126A8D39796279F1 /* Frameworks */,
			);
			sourceTree = "<group>";
		};
		CEB6F3C71F9A615E008E02E5 /* Products */ = {
			isa = PBXGroup;
			children = (
				CEB6F3C61F9A615E008E02E5 /* appSuggest.app */,
			);
			name = Products;
			sourceTree = "<group>";
		};
		CEB6F3C81F9A615E008E02E5 /* appSuggest */ = {
			isa = PBXGroup;
			children = (
				CEA277D81FA3B03F00F821C8 /* Helpers */,
				CEB6F3DD1F9A6212008E02E5 /* Model */,
				CEB6F3DC1F9A6203008E02E5 /* Controller */,
				CEB6F3DB1F9A61E9008E02E5 /* View */,
				CEB6F3D01F9A615E008E02E5 /* Assets.xcassets */,
				CEB6F3C91F9A615E008E02E5 /* AppDelegate.swift */,
				CEB6F3D51F9A615E008E02E5 /* Info.plist */,
				CE81C12C1FA3AF090033B9D6 /* GoogleService-Info.plist */,
			);
			path = appSuggest;
			sourceTree = "<group>";
		};
		CEB6F3DB1F9A61E9008E02E5 /* View */ = {
			isa = PBXGroup;
			children = (
				CEB6F3CD1F9A615E008E02E5 /* Main.storyboard */,
				CEB6F3D21F9A615E008E02E5 /* LaunchScreen.storyboard */,
			);
			path = View;
			sourceTree = "<group>";
		};
		CEB6F3DC1F9A6203008E02E5 /* Controller */ = {
			isa = PBXGroup;
			children = (
				CEB6F3CB1F9A615E008E02E5 /* ViewController.swift */,
				CEA277DB1FA3B31B00F821C8 /* AppTableViewCell.swift */,
			);
			path = Controller;
			sourceTree = "<group>";
		};
		CEB6F3DD1F9A6212008E02E5 /* Model */ = {
			isa = PBXGroup;
			children = (
				CEA277D51FA3B03A00F821C8 /* AppInfo.swift */,
				CEA277D41FA3B03A00F821C8 /* FIRDataObject.swift */,
			);
			path = Model;
			sourceTree = "<group>";
		};
/* End PBXGroup section */

/* Begin PBXNativeTarget section */
		CEB6F3C51F9A615E008E02E5 /* appSuggest */ = {
			isa = PBXNativeTarget;
			buildConfigurationList = CEB6F3D81F9A615E008E02E5 /* Build configuration list for PBXNativeTarget "appSuggest" */;
			buildPhases = (
				B2CD2FE76935342988370379 /* [CP] Check Pods Manifest.lock */,
				CEB6F3C21F9A615E008E02E5 /* Sources */,
				CEB6F3C31F9A615E008E02E5 /* Frameworks */,
				CEB6F3C41F9A615E008E02E5 /* Resources */,
				5CECC57AFDB3B58481C1409E /* [CP] Embed Pods Frameworks */,
				598DD133DC4AA5DDD1D63EA6 /* [CP] Copy Pods Resources */,
			);
			buildRules = (
			);
			dependencies = (
			);
			name = appSuggest;
			productName = appSuggest;
			productReference = CEB6F3C61F9A615E008E02E5 /* appSuggest.app */;
			productType = "com.apple.product-type.application";
		};
/* End PBXNativeTarget section */

/* Begin PBXProject section */
		CEB6F3BE1F9A615E008E02E5 /* Project object */ = {
			isa = PBXProject;
			attributes = {
				LastSwiftUpdateCheck = 0900;
				LastUpgradeCheck = 0900;
				ORGANIZATIONNAME = RodrigoLG;
				TargetAttributes = {
					CEB6F3C51F9A615E008E02E5 = {
						CreatedOnToolsVersion = 9.0;
						ProvisioningStyle = Automatic;
					};
				};
			};
			buildConfigurationList = CEB6F3C11F9A615E008E02E5 /* Build configuration list for PBXProject "appSuggest" */;
			compatibilityVersion = "Xcode 8.0";
			developmentRegion = en;
			hasScannedForEncodings = 0;
			knownRegions = (
				en,
				Base,
			);
			mainGroup = CEB6F3BD1F9A615E008E02E5;
			productRefGroup = CEB6F3C71F9A615E008E02E5 /* Products */;
			projectDirPath = "";
			projectRoot = "";
			targets = (
				CEB6F3C51F9A615E008E02E5 /* appSuggest */,
			);
		};
/* End PBXProject section */

/* Begin PBXResourcesBuildPhase section */
		CEB6F3C41F9A615E008E02E5 /* Resources */ = {
			isa = PBXResourcesBuildPhase;
			buildActionMask = 2147483647;
			files = (
				CEB6F3D41F9A615E008E02E5 /* LaunchScreen.storyboard in Resources */,
				CE81C12D1FA3AF0A0033B9D6 /* GoogleService-Info.plist in Resources */,
				CEB6F3D11F9A615E008E02E5 /* Assets.xcassets in Resources */,
				CEB6F3CF1F9A615E008E02E5 /* Main.storyboard in Resources */,
			);
			runOnlyForDeploymentPostprocessing = 0;
		};
/* End PBXResourcesBuildPhase section */

/* Begin PBXShellScriptBuildPhase section */
		598DD133DC4AA5DDD1D63EA6 /* [CP] Copy Pods Resources */ = {
			isa = PBXShellScriptBuildPhase;
			buildActionMask = 2147483647;
			files = (
			);
			inputPaths = (
			);
			name = "[CP] Copy Pods Resources";
			outputPaths = (
			);
			runOnlyForDeploymentPostprocessing = 0;
			shellPath = /bin/sh;
			shellScript = "\"${SRCROOT}/Pods/Target Support Files/Pods-appSuggest/Pods-appSuggest-resources.sh\"\n";
			showEnvVarsInLog = 0;
		};
		5CECC57AFDB3B58481C1409E /* [CP] Embed Pods Frameworks */ = {
			isa = PBXShellScriptBuildPhase;
			buildActionMask = 2147483647;
			files = (
			);
			inputPaths = (
			);
			name = "[CP] Embed Pods Frameworks";
			outputPaths = (
			);
			runOnlyForDeploymentPostprocessing = 0;
			shellPath = /bin/sh;
			shellScript = "\"${SRCROOT}/Pods/Target Support Files/Pods-appSuggest/Pods-appSuggest-frameworks.sh\"\n";
			showEnvVarsInLog = 0;
		};
		B2CD2FE76935342988370379 /* [CP] Check Pods Manifest.lock */ = {
			isa = PBXShellScriptBuildPhase;
			buildActionMask = 2147483647;
			files = (
			);
			inputPaths = (
			);
			name = "[CP] Check Pods Manifest.lock";
			outputPaths = (
			);
			runOnlyForDeploymentPostprocessing = 0;
			shellPath = /bin/sh;
			shellScript = "diff \"${PODS_ROOT}/../Podfile.lock\" \"${PODS_ROOT}/Manifest.lock\" > /dev/null\nif [ $? != 0 ] ; then\n    # print error to STDERR\n    echo \"error: The sandbox is not in sync with the Podfile.lock. Run 'pod install' or update your CocoaPods installation.\" >&2\n    exit 1\nfi\n";
			showEnvVarsInLog = 0;
		};
/* End PBXShellScriptBuildPhase section */

/* Begin PBXSourcesBuildPhase section */
		CEB6F3C21F9A615E008E02E5 /* Sources */ = {
			isa = PBXSourcesBuildPhase;
			buildActionMask = 2147483647;
			files = (
				CEB6F3CC1F9A615E008E02E5 /* ViewController.swift in Sources */,
				CEA277D71FA3B03A00F821C8 /* AppInfo.swift in Sources */,
				CEA277D61FA3B03A00F821C8 /* FIRDataObject.swift in Sources */,
				CEA277DA1FA3B04B00F821C8 /* UIImageView+download.swift in Sources */,
				CEB6F3CA1F9A615E008E02E5 /* AppDelegate.swift in Sources */,
				CEA277DC1FA3B31B00F821C8 /* AppTableViewCell.swift in Sources */,
			);
			runOnlyForDeploymentPostprocessing = 0;
		};
/* End PBXSourcesBuildPhase section */

/* Begin PBXVariantGroup section */
		CEB6F3CD1F9A615E008E02E5 /* Main.storyboard */ = {
			isa = PBXVariantGroup;
			children = (
				CEB6F3CE1F9A615E008E02E5 /* Base */,
			);
			name = Main.storyboard;
			sourceTree = "<group>";
		};
		CEB6F3D21F9A615E008E02E5 /* LaunchScreen.storyboard */ = {
			isa = PBXVariantGroup;
			children = (
				CEB6F3D31F9A615E008E02E5 /* Base */,
			);
			name = LaunchScreen.storyboard;
			sourceTree = "<group>";
		};
/* End PBXVariantGroup section */

/* Begin XCBuildConfiguration section */
		CEB6F3D61F9A615E008E02E5 /* Debug */ = {
			isa = XCBuildConfiguration;
			buildSettings = {
				ALWAYS_SEARCH_USER_PATHS = NO;
				CLANG_ANALYZER_NONNULL = YES;
				CLANG_ANALYZER_NUMBER_OBJECT_CONVERSION = YES_AGGRESSIVE;
				CLANG_CXX_LANGUAGE_STANDARD = "gnu++14";
				CLANG_CXX_LIBRARY = "libc++";
				CLANG_ENABLE_MODULES = YES;
				CLANG_ENABLE_OBJC_ARC = YES;
				CLANG_WARN_BLOCK_CAPTURE_AUTORELEASING = YES;
				CLANG_WARN_BOOL_CONVERSION = YES;
				CLANG_WARN_COMMA = YES;
				CLANG_WARN_CONSTANT_CONVERSION = YES;
				CLANG_WARN_DIRECT_OBJC_ISA_USAGE = YES_ERROR;
				CLANG_WARN_DOCUMENTATION_COMMENTS = YES;
				CLANG_WARN_EMPTY_BODY = YES;
				CLANG_WARN_ENUM_CONVERSION = YES;
				CLANG_WARN_INFINITE_RECURSION = YES;
				CLANG_WARN_INT_CONVERSION = YES;
				CLANG_WARN_NON_LITERAL_NULL_CONVERSION = YES;
				CLANG_WARN_OBJC_LITERAL_CONVERSION = YES;
				CLANG_WARN_OBJC_ROOT_CLASS = YES_ERROR;
				CLANG_WARN_RANGE_LOOP_ANALYSIS = YES;
				CLANG_WARN_STRICT_PROTOTYPES = YES;
				CLANG_WARN_SUSPICIOUS_MOVE = YES;
				CLANG_WARN_UNGUARDED_AVAILABILITY = YES_AGGRESSIVE;
				CLANG_WARN_UNREACHABLE_CODE = YES;
				CLANG_WARN__DUPLICATE_METHOD_MATCH = YES;
				CODE_SIGN_IDENTITY = "iPhone Developer";
				COPY_PHASE_STRIP = NO;
				DEBUG_INFORMATION_FORMAT = dwarf;
				ENABLE_STRICT_OBJC_MSGSEND = YES;
				ENABLE_TESTABILITY = YES;
				GCC_C_LANGUAGE_STANDARD = gnu11;
				GCC_DYNAMIC_NO_PIC = NO;
				GCC_NO_COMMON_BLOCKS = YES;
				GCC_OPTIMIZATION_LEVEL = 0;
				GCC_PREPROCESSOR_DEFINITIONS = (
					"DEBUG=1",
					"$(inherited)",
				);
				GCC_WARN_64_TO_32_BIT_CONVERSION = YES;
				GCC_WARN_ABOUT_RETURN_TYPE = YES_ERROR;
				GCC_WARN_UNDECLARED_SELECTOR = YES;
				GCC_WARN_UNINITIALIZED_AUTOS = YES_AGGRESSIVE;
				GCC_WARN_UNUSED_FUNCTION = YES;
				GCC_WARN_UNUSED_VARIABLE = YES;
				IPHONEOS_DEPLOYMENT_TARGET = 11.0;
				MTL_ENABLE_DEBUG_INFO = YES;
				ONLY_ACTIVE_ARCH = YES;
				SDKROOT = iphoneos;
				SWIFT_ACTIVE_COMPILATION_CONDITIONS = DEBUG;
				SWIFT_OPTIMIZATION_LEVEL = "-Onone";
			};
			name = Debug;
		};
		CEB6F3D71F9A615E008E02E5 /* Release */ = {
			isa = XCBuildConfiguration;
			buildSettings = {
				ALWAYS_SEARCH_USER_PATHS = NO;
				CLANG_ANALYZER_NONNULL = YES;
				CLANG_ANALYZER_NUMBER_OBJECT_CONVERSION = YES_AGGRESSIVE;
				CLANG_CXX_LANGUAGE_STANDARD = "gnu++14";
				CLANG_CXX_LIBRARY = "libc++";
				CLANG_ENABLE_MODULES = YES;
				CLANG_ENABLE_OBJC_ARC = YES;
				CLANG_WARN_BLOCK_CAPTURE_AUTORELEASING = YES;
				CLANG_WARN_BOOL_CONVERSION = YES;
				CLANG_WARN_COMMA = YES;
				CLANG_WARN_CONSTANT_CONVERSION = YES;
				CLANG_WARN_DIRECT_OBJC_ISA_USAGE = YES_ERROR;
				CLANG_WARN_DOCUMENTATION_COMMENTS = YES;
				CLANG_WARN_EMPTY_BODY = YES;
				CLANG_WARN_ENUM_CONVERSION = YES;
				CLANG_WARN_INFINITE_RECURSION = YES;
				CLANG_WARN_INT_CONVERSION = YES;
				CLANG_WARN_NON_LITERAL_NULL_CONVERSION = YES;
				CLANG_WARN_OBJC_LITERAL_CONVERSION = YES;
				CLANG_WARN_OBJC_ROOT_CLASS = YES_ERROR;
				CLANG_WARN_RANGE_LOOP_ANALYSIS = YES;
				CLANG_WARN_STRICT_PROTOTYPES = YES;
				CLANG_WARN_SUSPICIOUS_MOVE = YES;
				CLANG_WARN_UNGUARDED_AVAILABILITY = YES_AGGRESSIVE;
				CLANG_WARN_UNREACHABLE_CODE = YES;
				CLANG_WARN__DUPLICATE_METHOD_MATCH = YES;
				CODE_SIGN_IDENTITY = "iPhone Developer";
				COPY_PHASE_STRIP = NO;
				DEBUG_INFORMATION_FORMAT = "dwarf-with-dsym";
				ENABLE_NS_ASSERTIONS = NO;
				ENABLE_STRICT_OBJC_MSGSEND = YES;
				GCC_C_LANGUAGE_STANDARD = gnu11;
				GCC_NO_COMMON_BLOCKS = YES;
				GCC_WARN_64_TO_32_BIT_CONVERSION = YES;
				GCC_WARN_ABOUT_RETURN_TYPE = YES_ERROR;
				GCC_WARN_UNDECLARED_SELECTOR = YES;
				GCC_WARN_UNINITIALIZED_AUTOS = YES_AGGRESSIVE;
				GCC_WARN_UNUSED_FUNCTION = YES;
				GCC_WARN_UNUSED_VARIABLE = YES;
				IPHONEOS_DEPLOYMENT_TARGET = 11.0;
				MTL_ENABLE_DEBUG_INFO = NO;
				SDKROOT = iphoneos;
				SWIFT_OPTIMIZATION_LEVEL = "-Owholemodule";
				VALIDATE_PRODUCT = YES;
			};
			name = Release;
		};
		CEB6F3D91F9A615E008E02E5 /* Debug */ = {
			isa = XCBuildConfiguration;
			baseConfigurationReference = 79568E0954EBE8A99BCBE271 /* Pods-appSuggest.debug.xcconfig */;
			buildSettings = {
				ASSETCATALOG_COMPILER_APPICON_NAME = AppIcon;
				CODE_SIGN_STYLE = Automatic;
				DEVELOPMENT_TEAM = 736XU9D7S8;
				INFOPLIST_FILE = appSuggest/Info.plist;
				LD_RUNPATH_SEARCH_PATHS = "$(inherited) @executable_path/Frameworks";
				PRODUCT_BUNDLE_IDENTIFIER = com.rodrigoteste.appSuggest;
				PRODUCT_NAME = "$(TARGET_NAME)";
				SWIFT_VERSION = 4.0;
				TARGETED_DEVICE_FAMILY = "1,2";
			};
			name = Debug;
		};
		CEB6F3DA1F9A615E008E02E5 /* Release */ = {
			isa = XCBuildConfiguration;
			baseConfigurationReference = 5D4068CBA699FFD6B8BC3243 /* Pods-appSuggest.release.xcconfig */;
			buildSettings = {
				ASSETCATALOG_COMPILER_APPICON_NAME = AppIcon;
				CODE_SIGN_STYLE = Automatic;
				DEVELOPMENT_TEAM = 736XU9D7S8;
				INFOPLIST_FILE = appSuggest/Info.plist;
				LD_RUNPATH_SEARCH_PATHS = "$(inherited) @executable_path/Frameworks";
				PRODUCT_BUNDLE_IDENTIFIER = com.rodrigoteste.appSuggest;
				PRODUCT_NAME = "$(TARGET_NAME)";
				SWIFT_VERSION = 4.0;
				TARGETED_DEVICE_FAMILY = "1,2";
			};
			name = Release;
		};
/* End XCBuildConfiguration section */

/* Begin XCConfigurationList section */
		CEB6F3C11F9A615E008E02E5 /* Build configuration list for PBXProject "appSuggest" */ = {
			isa = XCConfigurationList;
			buildConfigurations = (
				CEB6F3D61F9A615E008E02E5 /* Debug */,
				CEB6F3D71F9A615E008E02E5 /* Release */,
			);
			defaultConfigurationIsVisible = 0;
			defaultConfigurationName = Release;
		};
		CEB6F3D81F9A615E008E02E5 /* Build configuration list for PBXNativeTarget "appSuggest" */ = {
			isa = XCConfigurationList;
			buildConfigurations = (
				CEB6F3D91F9A615E008E02E5 /* Debug */,
				CEB6F3DA1F9A615E008E02E5 /* Release */,
			);
			defaultConfigurationIsVisible = 0;
			defaultConfigurationName = Release;
		};
/* End XCConfigurationList section */
	};
	rootObject = CEB6F3BE1F9A615E008E02E5 /* Project object */;
}
